// !$*UTF8*$!
{
	archiveVersion = 1;
	classes = {
	};
	objectVersion = 56;
	objects = {

/* Begin PBXBuildFile section */
		F50903702A3AECE300500697 /* OnboardingCoordinator.swift in Sources */ = {isa = PBXBuildFile; fileRef = F509036F2A3AECE300500697 /* OnboardingCoordinator.swift */; };
		F50903732A3AEEDD00500697 /* OnboardingVC.swift in Sources */ = {isa = PBXBuildFile; fileRef = F50903712A3AEEDD00500697 /* OnboardingVC.swift */; };
		F50903742A3AEEDD00500697 /* OnboardingVC.xib in Resources */ = {isa = PBXBuildFile; fileRef = F50903722A3AEEDD00500697 /* OnboardingVC.xib */; };
		F50903762A3AEF3E00500697 /* OnboardingVM.swift in Sources */ = {isa = PBXBuildFile; fileRef = F50903752A3AEF3E00500697 /* OnboardingVM.swift */; };
		F50903782A3B145F00500697 /* LottieManager.swift in Sources */ = {isa = PBXBuildFile; fileRef = F50903772A3B145F00500697 /* LottieManager.swift */; };
		F509037B2A3B14FD00500697 /* games.json in Resources */ = {isa = PBXBuildFile; fileRef = F509037A2A3B14FD00500697 /* games.json */; };
		F509037E2A3B16BA00500697 /* Lottie in Frameworks */ = {isa = PBXBuildFile; productRef = F509037D2A3B16BA00500697 /* Lottie */; };
		F58DE99A2A3A05FF00EAF83E /* AppDelegate.swift in Sources */ = {isa = PBXBuildFile; fileRef = F58DE9992A3A05FF00EAF83E /* AppDelegate.swift */; };
		F58DE9A32A3A060300EAF83E /* Assets.xcassets in Resources */ = {isa = PBXBuildFile; fileRef = F58DE9A22A3A060300EAF83E /* Assets.xcassets */; };
		F58DE9B82A3A0ADA00EAF83E /* SplashVC.swift in Sources */ = {isa = PBXBuildFile; fileRef = F58DE9B62A3A0ADA00EAF83E /* SplashVC.swift */; };
		F58DE9B92A3A0ADA00EAF83E /* SplashVC.xib in Resources */ = {isa = PBXBuildFile; fileRef = F58DE9B72A3A0ADA00EAF83E /* SplashVC.xib */; };
		F58DE9BB2A3A0BC900EAF83E /* ReactiveCoordinator.swift in Sources */ = {isa = PBXBuildFile; fileRef = F58DE9BA2A3A0BC900EAF83E /* ReactiveCoordinator.swift */; };
		F58DE9BD2A3A0C4200EAF83E /* AppCoordinator.swift in Sources */ = {isa = PBXBuildFile; fileRef = F58DE9BC2A3A0C4200EAF83E /* AppCoordinator.swift */; };
		F58DE9C02A3A103B00EAF83E /* RxCocoa in Frameworks */ = {isa = PBXBuildFile; productRef = F58DE9BF2A3A103B00EAF83E /* RxCocoa */; };
		F58DE9C22A3A103B00EAF83E /* RxRelay in Frameworks */ = {isa = PBXBuildFile; productRef = F58DE9C12A3A103B00EAF83E /* RxRelay */; };
		F58DE9C42A3A103B00EAF83E /* RxSwift in Frameworks */ = {isa = PBXBuildFile; productRef = F58DE9C32A3A103B00EAF83E /* RxSwift */; };
		F58DE9C72A3A110700EAF83E /* Differentiator in Frameworks */ = {isa = PBXBuildFile; productRef = F58DE9C62A3A110700EAF83E /* Differentiator */; };
		F58DE9C92A3A110700EAF83E /* RxDataSources in Frameworks */ = {isa = PBXBuildFile; productRef = F58DE9C82A3A110700EAF83E /* RxDataSources */; };
		F58DE9CB2A3A141400EAF83E /* SplashCoordinator.swift in Sources */ = {isa = PBXBuildFile; fileRef = F58DE9CA2A3A141400EAF83E /* SplashCoordinator.swift */; };
		F58DE9CD2A3A182600EAF83E /* BaseVC.swift in Sources */ = {isa = PBXBuildFile; fileRef = F58DE9CC2A3A182600EAF83E /* BaseVC.swift */; };
		F58DE9CF2A3A185200EAF83E /* BaseVM.swift in Sources */ = {isa = PBXBuildFile; fileRef = F58DE9CE2A3A185200EAF83E /* BaseVM.swift */; };
		F58DE9D12A3A18C800EAF83E /* SplashVM.swift in Sources */ = {isa = PBXBuildFile; fileRef = F58DE9D02A3A18C800EAF83E /* SplashVM.swift */; };
/* End PBXBuildFile section */

/* Begin PBXFileReference section */
		F509036F2A3AECE300500697 /* OnboardingCoordinator.swift */ = {isa = PBXFileReference; lastKnownFileType = sourcecode.swift; path = OnboardingCoordinator.swift; sourceTree = "<group>"; };
		F50903712A3AEEDD00500697 /* OnboardingVC.swift */ = {isa = PBXFileReference; lastKnownFileType = sourcecode.swift; path = OnboardingVC.swift; sourceTree = "<group>"; };
		F50903722A3AEEDD00500697 /* OnboardingVC.xib */ = {isa = PBXFileReference; lastKnownFileType = file.xib; path = OnboardingVC.xib; sourceTree = "<group>"; };
		F50903752A3AEF3E00500697 /* OnboardingVM.swift */ = {isa = PBXFileReference; lastKnownFileType = sourcecode.swift; path = OnboardingVM.swift; sourceTree = "<group>"; };
		F50903772A3B145F00500697 /* LottieManager.swift */ = {isa = PBXFileReference; lastKnownFileType = sourcecode.swift; path = LottieManager.swift; sourceTree = "<group>"; };
		F509037A2A3B14FD00500697 /* games.json */ = {isa = PBXFileReference; fileEncoding = 4; lastKnownFileType = text.json; path = games.json; sourceTree = "<group>"; };
		F58DE9962A3A05FF00EAF83E /* GamesApp.app */ = {isa = PBXFileReference; explicitFileType = wrapper.application; includeInIndex = 0; path = GamesApp.app; sourceTree = BUILT_PRODUCTS_DIR; };
		F58DE9992A3A05FF00EAF83E /* AppDelegate.swift */ = {isa = PBXFileReference; lastKnownFileType = sourcecode.swift; path = AppDelegate.swift; sourceTree = "<group>"; };
		F58DE9A22A3A060300EAF83E /* Assets.xcassets */ = {isa = PBXFileReference; lastKnownFileType = folder.assetcatalog; path = Assets.xcassets; sourceTree = "<group>"; };
		F58DE9A72A3A060300EAF83E /* Info.plist */ = {isa = PBXFileReference; lastKnownFileType = text.plist.xml; path = Info.plist; sourceTree = "<group>"; };
		F58DE9B62A3A0ADA00EAF83E /* SplashVC.swift */ = {isa = PBXFileReference; lastKnownFileType = sourcecode.swift; path = SplashVC.swift; sourceTree = "<group>"; };
		F58DE9B72A3A0ADA00EAF83E /* SplashVC.xib */ = {isa = PBXFileReference; lastKnownFileType = file.xib; path = SplashVC.xib; sourceTree = "<group>"; };
		F58DE9BA2A3A0BC900EAF83E /* ReactiveCoordinator.swift */ = {isa = PBXFileReference; lastKnownFileType = sourcecode.swift; path = ReactiveCoordinator.swift; sourceTree = "<group>"; };
		F58DE9BC2A3A0C4200EAF83E /* AppCoordinator.swift */ = {isa = PBXFileReference; lastKnownFileType = sourcecode.swift; path = AppCoordinator.swift; sourceTree = "<group>"; };
		F58DE9CA2A3A141400EAF83E /* SplashCoordinator.swift */ = {isa = PBXFileReference; lastKnownFileType = sourcecode.swift; path = SplashCoordinator.swift; sourceTree = "<group>"; };
		F58DE9CC2A3A182600EAF83E /* BaseVC.swift */ = {isa = PBXFileReference; lastKnownFileType = sourcecode.swift; path = BaseVC.swift; sourceTree = "<group>"; };
		F58DE9CE2A3A185200EAF83E /* BaseVM.swift */ = {isa = PBXFileReference; lastKnownFileType = sourcecode.swift; path = BaseVM.swift; sourceTree = "<group>"; };
		F58DE9D02A3A18C800EAF83E /* SplashVM.swift */ = {isa = PBXFileReference; lastKnownFileType = sourcecode.swift; path = SplashVM.swift; sourceTree = "<group>"; };
/* End PBXFileReference section */

/* Begin PBXFrameworksBuildPhase section */
		F58DE9932A3A05FF00EAF83E /* Frameworks */ = {
			isa = PBXFrameworksBuildPhase;
			buildActionMask = 2147483647;
			files = (
				F58DE9C72A3A110700EAF83E /* Differentiator in Frameworks */,
				F58DE9C42A3A103B00EAF83E /* RxSwift in Frameworks */,
				F58DE9C22A3A103B00EAF83E /* RxRelay in Frameworks */,
				F58DE9C92A3A110700EAF83E /* RxDataSources in Frameworks */,
				F58DE9C02A3A103B00EAF83E /* RxCocoa in Frameworks */,
				F509037E2A3B16BA00500697 /* Lottie in Frameworks */,
			);
			runOnlyForDeploymentPostprocessing = 0;
		};
/* End PBXFrameworksBuildPhase section */

/* Begin PBXGroup section */
		F509036E2A3AE85A00500697 /* Assets */ = {
			isa = PBXGroup;
			children = (
				F50903792A3B14E100500697 /* Lottie */,
				F58DE9A22A3A060300EAF83E /* Assets.xcassets */,
			);
			path = Assets;
			sourceTree = "<group>";
		};
		F50903792A3B14E100500697 /* Lottie */ = {
			isa = PBXGroup;
			children = (
				F509037A2A3B14FD00500697 /* games.json */,
			);
			path = Lottie;
			sourceTree = "<group>";
		};
		F58DE98D2A3A05FF00EAF83E = {
			isa = PBXGroup;
			children = (
				F58DE9982A3A05FF00EAF83E /* GamesApp */,
				F58DE9972A3A05FF00EAF83E /* Products */,
			);
			sourceTree = "<group>";
		};
		F58DE9972A3A05FF00EAF83E /* Products */ = {
			isa = PBXGroup;
			children = (
				F58DE9962A3A05FF00EAF83E /* GamesApp.app */,
			);
			name = Products;
			sourceTree = "<group>";
		};
		F58DE9982A3A05FF00EAF83E /* GamesApp */ = {
			isa = PBXGroup;
			children = (
				F58DE9AD2A3A098C00EAF83E /* App */,
				F58DE9AE2A3A099600EAF83E /* Base */,
				F58DE9AF2A3A09A300EAF83E /* Utils */,
				F58DE9B02A3A09AA00EAF83E /* Extensions */,
				F58DE9B22A3A09C500EAF83E /* Managers */,
				F58DE9B12A3A09B900EAF83E /* Models */,
				F58DE9B32A3A09D100EAF83E /* Screens */,
				F509036E2A3AE85A00500697 /* Assets */,
				F58DE9A72A3A060300EAF83E /* Info.plist */,
			);
			path = GamesApp;
			sourceTree = "<group>";
		};
		F58DE9AD2A3A098C00EAF83E /* App */ = {
			isa = PBXGroup;
			children = (
				F58DE9992A3A05FF00EAF83E /* AppDelegate.swift */,
				F58DE9BA2A3A0BC900EAF83E /* ReactiveCoordinator.swift */,
				F58DE9BC2A3A0C4200EAF83E /* AppCoordinator.swift */,
			);
			path = App;
			sourceTree = "<group>";
		};
		F58DE9AE2A3A099600EAF83E /* Base */ = {
			isa = PBXGroup;
			children = (
				F58DE9CC2A3A182600EAF83E /* BaseVC.swift */,
				F58DE9CE2A3A185200EAF83E /* BaseVM.swift */,
			);
			path = Base;
			sourceTree = "<group>";
		};
		F58DE9AF2A3A09A300EAF83E /* Utils */ = {
			isa = PBXGroup;
			children = (
			);
			path = Utils;
			sourceTree = "<group>";
		};
		F58DE9B02A3A09AA00EAF83E /* Extensions */ = {
			isa = PBXGroup;
			children = (
			);
			path = Extensions;
			sourceTree = "<group>";
		};
		F58DE9B12A3A09B900EAF83E /* Models */ = {
			isa = PBXGroup;
			children = (
			);
			path = Models;
			sourceTree = "<group>";
		};
		F58DE9B22A3A09C500EAF83E /* Managers */ = {
			isa = PBXGroup;
			children = (
				F50903772A3B145F00500697 /* LottieManager.swift */,
			);
			path = Managers;
			sourceTree = "<group>";
		};
		F58DE9B32A3A09D100EAF83E /* Screens */ = {
			isa = PBXGroup;
			children = (
				F58DE9B42A3A0A7000EAF83E /* Splash */,
				F58DE9B52A3A0A8300EAF83E /* Onboarding */,
			);
			path = Screens;
			sourceTree = "<group>";
		};
		F58DE9B42A3A0A7000EAF83E /* Splash */ = {
			isa = PBXGroup;
			children = (
				F58DE9B62A3A0ADA00EAF83E /* SplashVC.swift */,
				F58DE9B72A3A0ADA00EAF83E /* SplashVC.xib */,
				F58DE9CA2A3A141400EAF83E /* SplashCoordinator.swift */,
				F58DE9D02A3A18C800EAF83E /* SplashVM.swift */,
			);
			path = Splash;
			sourceTree = "<group>";
		};
		F58DE9B52A3A0A8300EAF83E /* Onboarding */ = {
			isa = PBXGroup;
			children = (
				F509036F2A3AECE300500697 /* OnboardingCoordinator.swift */,
				F50903712A3AEEDD00500697 /* OnboardingVC.swift */,
				F50903722A3AEEDD00500697 /* OnboardingVC.xib */,
				F50903752A3AEF3E00500697 /* OnboardingVM.swift */,
			);
			path = Onboarding;
			sourceTree = "<group>";
		};
/* End PBXGroup section */

/* Begin PBXNativeTarget section */
		F58DE9952A3A05FF00EAF83E /* GamesApp */ = {
			isa = PBXNativeTarget;
			buildConfigurationList = F58DE9AA2A3A060300EAF83E /* Build configuration list for PBXNativeTarget "GamesApp" */;
			buildPhases = (
				F58DE9922A3A05FF00EAF83E /* Sources */,
				F58DE9932A3A05FF00EAF83E /* Frameworks */,
				F58DE9942A3A05FF00EAF83E /* Resources */,
			);
			buildRules = (
			);
			dependencies = (
			);
			name = GamesApp;
			packageProductDependencies = (
				F58DE9BF2A3A103B00EAF83E /* RxCocoa */,
				F58DE9C12A3A103B00EAF83E /* RxRelay */,
				F58DE9C32A3A103B00EAF83E /* RxSwift */,
				F58DE9C62A3A110700EAF83E /* Differentiator */,
				F58DE9C82A3A110700EAF83E /* RxDataSources */,
				F509037D2A3B16BA00500697 /* Lottie */,
			);
			productName = GamesApp;
			productReference = F58DE9962A3A05FF00EAF83E /* GamesApp.app */;
			productType = "com.apple.product-type.application";
		};
/* End PBXNativeTarget section */

/* Begin PBXProject section */
		F58DE98E2A3A05FF00EAF83E /* Project object */ = {
			isa = PBXProject;
			attributes = {
				BuildIndependentTargetsInParallel = 1;
				LastSwiftUpdateCheck = 1420;
				LastUpgradeCheck = 1420;
				TargetAttributes = {
					F58DE9952A3A05FF00EAF83E = {
						CreatedOnToolsVersion = 14.2;
					};
				};
			};
			buildConfigurationList = F58DE9912A3A05FF00EAF83E /* Build configuration list for PBXProject "GamesApp" */;
			compatibilityVersion = "Xcode 14.0";
			developmentRegion = en;
			hasScannedForEncodings = 0;
			knownRegions = (
				en,
				Base,
			);
			mainGroup = F58DE98D2A3A05FF00EAF83E;
			packageReferences = (
				F58DE9BE2A3A103B00EAF83E /* XCRemoteSwiftPackageReference "RxSwift" */,
				F58DE9C52A3A110700EAF83E /* XCRemoteSwiftPackageReference "RxDataSources" */,
				F509037C2A3B16BA00500697 /* XCRemoteSwiftPackageReference "lottie-ios" */,
			);
			productRefGroup = F58DE9972A3A05FF00EAF83E /* Products */;
			projectDirPath = "";
			projectRoot = "";
			targets = (
				F58DE9952A3A05FF00EAF83E /* GamesApp */,
			);
		};
/* End PBXProject section */

/* Begin PBXResourcesBuildPhase section */
		F58DE9942A3A05FF00EAF83E /* Resources */ = {
			isa = PBXResourcesBuildPhase;
			buildActionMask = 2147483647;
			files = (
				F58DE9A32A3A060300EAF83E /* Assets.xcassets in Resources */,
				F58DE9B92A3A0ADA00EAF83E /* SplashVC.xib in Resources */,
				F50903742A3AEEDD00500697 /* OnboardingVC.xib in Resources */,
				F509037B2A3B14FD00500697 /* games.json in Resources */,
			);
			runOnlyForDeploymentPostprocessing = 0;
		};
/* End PBXResourcesBuildPhase section */

/* Begin PBXSourcesBuildPhase section */
		F58DE9922A3A05FF00EAF83E /* Sources */ = {
			isa = PBXSourcesBuildPhase;
			buildActionMask = 2147483647;
			files = (
				F58DE99A2A3A05FF00EAF83E /* AppDelegate.swift in Sources */,
				F58DE9BD2A3A0C4200EAF83E /* AppCoordinator.swift in Sources */,
				F50903762A3AEF3E00500697 /* OnboardingVM.swift in Sources */,
				F58DE9CB2A3A141400EAF83E /* SplashCoordinator.swift in Sources */,
				F58DE9B82A3A0ADA00EAF83E /* SplashVC.swift in Sources */,
				F58DE9CF2A3A185200EAF83E /* BaseVM.swift in Sources */,
				F50903732A3AEEDD00500697 /* OnboardingVC.swift in Sources */,
				F58DE9CD2A3A182600EAF83E /* BaseVC.swift in Sources */,
				F58DE9BB2A3A0BC900EAF83E /* ReactiveCoordinator.swift in Sources */,
				F58DE9D12A3A18C800EAF83E /* SplashVM.swift in Sources */,
				F50903782A3B145F00500697 /* LottieManager.swift in Sources */,
				F50903702A3AECE300500697 /* OnboardingCoordinator.swift in Sources */,
			);
			runOnlyForDeploymentPostprocessing = 0;
		};
/* End PBXSourcesBuildPhase section */

/* Begin XCBuildConfiguration section */
		F58DE9A82A3A060300EAF83E /* Debug */ = {
			isa = XCBuildConfiguration;
			buildSettings = {
				ALWAYS_SEARCH_USER_PATHS = NO;
				CLANG_ANALYZER_NONNULL = YES;
				CLANG_ANALYZER_NUMBER_OBJECT_CONVERSION = YES_AGGRESSIVE;
				CLANG_CXX_LANGUAGE_STANDARD = "gnu++20";
				CLANG_ENABLE_MODULES = YES;
				CLANG_ENABLE_OBJC_ARC = YES;
				CLANG_ENABLE_OBJC_WEAK = YES;
				CLANG_WARN_BLOCK_CAPTURE_AUTORELEASING = YES;
				CLANG_WARN_BOOL_CONVERSION = YES;
				CLANG_WARN_COMMA = YES;
				CLANG_WARN_CONSTANT_CONVERSION = YES;
				CLANG_WARN_DEPRECATED_OBJC_IMPLEMENTATIONS = YES;
				CLANG_WARN_DIRECT_OBJC_ISA_USAGE = YES_ERROR;
				CLANG_WARN_DOCUMENTATION_COMMENTS = YES;
				CLANG_WARN_EMPTY_BODY = YES;
				CLANG_WARN_ENUM_CONVERSION = YES;
				CLANG_WARN_INFINITE_RECURSION = YES;
				CLANG_WARN_INT_CONVERSION = YES;
				CLANG_WARN_NON_LITERAL_NULL_CONVERSION = YES;
				CLANG_WARN_OBJC_IMPLICIT_RETAIN_SELF = YES;
				CLANG_WARN_OBJC_LITERAL_CONVERSION = YES;
				CLANG_WARN_OBJC_ROOT_CLASS = YES_ERROR;
				CLANG_WARN_QUOTED_INCLUDE_IN_FRAMEWORK_HEADER = YES;
				CLANG_WARN_RANGE_LOOP_ANALYSIS = YES;
				CLANG_WARN_STRICT_PROTOTYPES = YES;
				CLANG_WARN_SUSPICIOUS_MOVE = YES;
				CLANG_WARN_UNGUARDED_AVAILABILITY = YES_AGGRESSIVE;
				CLANG_WARN_UNREACHABLE_CODE = YES;
				CLANG_WARN__DUPLICATE_METHOD_MATCH = YES;
				COPY_PHASE_STRIP = NO;
				DEBUG_INFORMATION_FORMAT = dwarf;
				ENABLE_STRICT_OBJC_MSGSEND = YES;
				ENABLE_TESTABILITY = YES;
				GCC_C_LANGUAGE_STANDARD = gnu11;
				GCC_DYNAMIC_NO_PIC = NO;
				GCC_NO_COMMON_BLOCKS = YES;
				GCC_OPTIMIZATION_LEVEL = 0;
				GCC_PREPROCESSOR_DEFINITIONS = (
					"DEBUG=1",
					"$(inherited)",
				);
				GCC_WARN_64_TO_32_BIT_CONVERSION = YES;
				GCC_WARN_ABOUT_RETURN_TYPE = YES_ERROR;
				GCC_WARN_UNDECLARED_SELECTOR = YES;
				GCC_WARN_UNINITIALIZED_AUTOS = YES_AGGRESSIVE;
				GCC_WARN_UNUSED_FUNCTION = YES;
				GCC_WARN_UNUSED_VARIABLE = YES;
				IPHONEOS_DEPLOYMENT_TARGET = 16.2;
				MTL_ENABLE_DEBUG_INFO = INCLUDE_SOURCE;
				MTL_FAST_MATH = YES;
				ONLY_ACTIVE_ARCH = YES;
				SDKROOT = iphoneos;
				SWIFT_ACTIVE_COMPILATION_CONDITIONS = DEBUG;
				SWIFT_OPTIMIZATION_LEVEL = "-Onone";
			};
			name = Debug;
		};
		F58DE9A92A3A060300EAF83E /* Release */ = {
			isa = XCBuildConfiguration;
			buildSettings = {
				ALWAYS_SEARCH_USER_PATHS = NO;
				CLANG_ANALYZER_NONNULL = YES;
				CLANG_ANALYZER_NUMBER_OBJECT_CONVERSION = YES_AGGRESSIVE;
				CLANG_CXX_LANGUAGE_STANDARD = "gnu++20";
				CLANG_ENABLE_MODULES = YES;
				CLANG_ENABLE_OBJC_ARC = YES;
				CLANG_ENABLE_OBJC_WEAK = YES;
				CLANG_WARN_BLOCK_CAPTURE_AUTORELEASING = YES;
				CLANG_WARN_BOOL_CONVERSION = YES;
				CLANG_WARN_COMMA = YES;
				CLANG_WARN_CONSTANT_CONVERSION = YES;
				CLANG_WARN_DEPRECATED_OBJC_IMPLEMENTATIONS = YES;
				CLANG_WARN_DIRECT_OBJC_ISA_USAGE = YES_ERROR;
				CLANG_WARN_DOCUMENTATION_COMMENTS = YES;
				CLANG_WARN_EMPTY_BODY = YES;
				CLANG_WARN_ENUM_CONVERSION = YES;
				CLANG_WARN_INFINITE_RECURSION = YES;
				CLANG_WARN_INT_CONVERSION = YES;
				CLANG_WARN_NON_LITERAL_NULL_CONVERSION = YES;
				CLANG_WARN_OBJC_IMPLICIT_RETAIN_SELF = YES;
				CLANG_WARN_OBJC_LITERAL_CONVERSION = YES;
				CLANG_WARN_OBJC_ROOT_CLASS = YES_ERROR;
				CLANG_WARN_QUOTED_INCLUDE_IN_FRAMEWORK_HEADER = YES;
				CLANG_WARN_RANGE_LOOP_ANALYSIS = YES;
				CLANG_WARN_STRICT_PROTOTYPES = YES;
				CLANG_WARN_SUSPICIOUS_MOVE = YES;
				CLANG_WARN_UNGUARDED_AVAILABILITY = YES_AGGRESSIVE;
				CLANG_WARN_UNREACHABLE_CODE = YES;
				CLANG_WARN__DUPLICATE_METHOD_MATCH = YES;
				COPY_PHASE_STRIP = NO;
				DEBUG_INFORMATION_FORMAT = "dwarf-with-dsym";
				ENABLE_NS_ASSERTIONS = NO;
				ENABLE_STRICT_OBJC_MSGSEND = YES;
				GCC_C_LANGUAGE_STANDARD = gnu11;
				GCC_NO_COMMON_BLOCKS = YES;
				GCC_WARN_64_TO_32_BIT_CONVERSION = YES;
				GCC_WARN_ABOUT_RETURN_TYPE = YES_ERROR;
				GCC_WARN_UNDECLARED_SELECTOR = YES;
				GCC_WARN_UNINITIALIZED_AUTOS = YES_AGGRESSIVE;
				GCC_WARN_UNUSED_FUNCTION = YES;
				GCC_WARN_UNUSED_VARIABLE = YES;
				IPHONEOS_DEPLOYMENT_TARGET = 16.2;
				MTL_ENABLE_DEBUG_INFO = NO;
				MTL_FAST_MATH = YES;
				SDKROOT = iphoneos;
				SWIFT_COMPILATION_MODE = wholemodule;
				SWIFT_OPTIMIZATION_LEVEL = "-O";
				VALIDATE_PRODUCT = YES;
			};
			name = Release;
		};
		F58DE9AB2A3A060300EAF83E /* Debug */ = {
			isa = XCBuildConfiguration;
			buildSettings = {
				ASSETCATALOG_COMPILER_APPICON_NAME = AppIcon;
				ASSETCATALOG_COMPILER_GLOBAL_ACCENT_COLOR_NAME = AccentColor;
				CODE_SIGN_STYLE = Automatic;
				CURRENT_PROJECT_VERSION = 1;
				DEVELOPMENT_TEAM = 455G8HS9QZ;
				GENERATE_INFOPLIST_FILE = YES;
				INFOPLIST_FILE = GamesApp/Info.plist;
				INFOPLIST_KEY_UIApplicationSupportsIndirectInputEvents = YES;
				INFOPLIST_KEY_UILaunchStoryboardName = LaunchScreen;
				INFOPLIST_KEY_UISupportedInterfaceOrientations_iPad = "UIInterfaceOrientationPortrait UIInterfaceOrientationPortraitUpsideDown UIInterfaceOrientationLandscapeLeft UIInterfaceOrientationLandscapeRight";
				INFOPLIST_KEY_UISupportedInterfaceOrientations_iPhone = "UIInterfaceOrientationPortrait UIInterfaceOrientationLandscapeLeft UIInterfaceOrientationLandscapeRight";
				LD_RUNPATH_SEARCH_PATHS = (
					"$(inherited)",
					"@executable_path/Frameworks",
				);
				MARKETING_VERSION = 1.0;
				PRODUCT_BUNDLE_IDENTIFIER = habipyesilyurt.GamesApp;
				PRODUCT_NAME = "$(TARGET_NAME)";
				SWIFT_EMIT_LOC_STRINGS = YES;
				SWIFT_VERSION = 5.0;
				TARGETED_DEVICE_FAMILY = "1,2";
			};
			name = Debug;
		};
		F58DE9AC2A3A060300EAF83E /* Release */ = {
			isa = XCBuildConfiguration;
			buildSettings = {
				ASSETCATALOG_COMPILER_APPICON_NAME = AppIcon;
				ASSETCATALOG_COMPILER_GLOBAL_ACCENT_COLOR_NAME = AccentColor;
				CODE_SIGN_STYLE = Automatic;
				CURRENT_PROJECT_VERSION = 1;
				DEVELOPMENT_TEAM = 455G8HS9QZ;
				GENERATE_INFOPLIST_FILE = YES;
				INFOPLIST_FILE = GamesApp/Info.plist;
				INFOPLIST_KEY_UIApplicationSupportsIndirectInputEvents = YES;
				INFOPLIST_KEY_UILaunchStoryboardName = LaunchScreen;
				INFOPLIST_KEY_UISupportedInterfaceOrientations_iPad = "UIInterfaceOrientationPortrait UIInterfaceOrientationPortraitUpsideDown UIInterfaceOrientationLandscapeLeft UIInterfaceOrientationLandscapeRight";
				INFOPLIST_KEY_UISupportedInterfaceOrientations_iPhone = "UIInterfaceOrientationPortrait UIInterfaceOrientationLandscapeLeft UIInterfaceOrientationLandscapeRight";
				LD_RUNPATH_SEARCH_PATHS = (
					"$(inherited)",
					"@executable_path/Frameworks",
				);
				MARKETING_VERSION = 1.0;
				PRODUCT_BUNDLE_IDENTIFIER = habipyesilyurt.GamesApp;
				PRODUCT_NAME = "$(TARGET_NAME)";
				SWIFT_EMIT_LOC_STRINGS = YES;
				SWIFT_VERSION = 5.0;
				TARGETED_DEVICE_FAMILY = "1,2";
			};
			name = Release;
		};
/* End XCBuildConfiguration section */

/* Begin XCConfigurationList section */
		F58DE9912A3A05FF00EAF83E /* Build configuration list for PBXProject "GamesApp" */ = {
			isa = XCConfigurationList;
			buildConfigurations = (
				F58DE9A82A3A060300EAF83E /* Debug */,
				F58DE9A92A3A060300EAF83E /* Release */,
			);
			defaultConfigurationIsVisible = 0;
			defaultConfigurationName = Release;
		};
		F58DE9AA2A3A060300EAF83E /* Build configuration list for PBXNativeTarget "GamesApp" */ = {
			isa = XCConfigurationList;
			buildConfigurations = (
				F58DE9AB2A3A060300EAF83E /* Debug */,
				F58DE9AC2A3A060300EAF83E /* Release */,
			);
			defaultConfigurationIsVisible = 0;
			defaultConfigurationName = Release;
		};
/* End XCConfigurationList section */

/* Begin XCRemoteSwiftPackageReference section */
		F509037C2A3B16BA00500697 /* XCRemoteSwiftPackageReference "lottie-ios" */ = {
			isa = XCRemoteSwiftPackageReference;
			repositoryURL = "https://github.com/airbnb/lottie-ios";
			requirement = {
				kind = upToNextMajorVersion;
				minimumVersion = 4.0.0;
			};
		};
		F58DE9BE2A3A103B00EAF83E /* XCRemoteSwiftPackageReference "RxSwift" */ = {
			isa = XCRemoteSwiftPackageReference;
			repositoryURL = "https://github.com/ReactiveX/RxSwift";
			requirement = {
				kind = upToNextMajorVersion;
				minimumVersion = 6.0.0;
			};
		};
		F58DE9C52A3A110700EAF83E /* XCRemoteSwiftPackageReference "RxDataSources" */ = {
			isa = XCRemoteSwiftPackageReference;
			repositoryURL = "https://github.com/RxSwiftCommunity/RxDataSources";
			requirement = {
				kind = upToNextMajorVersion;
				minimumVersion = 5.0.0;
			};
		};
/* End XCRemoteSwiftPackageReference section */

/* Begin XCSwiftPackageProductDependency section */
		F509037D2A3B16BA00500697 /* Lottie */ = {
			isa = XCSwiftPackageProductDependency;
			package = F509037C2A3B16BA00500697 /* XCRemoteSwiftPackageReference "lottie-ios" */;
			productName = Lottie;
		};
		F58DE9BF2A3A103B00EAF83E /* RxCocoa */ = {
			isa = XCSwiftPackageProductDependency;
			package = F58DE9BE2A3A103B00EAF83E /* XCRemoteSwiftPackageReference "RxSwift" */;
			productName = RxCocoa;
		};
		F58DE9C12A3A103B00EAF83E /* RxRelay */ = {
			isa = XCSwiftPackageProductDependency;
			package = F58DE9BE2A3A103B00EAF83E /* XCRemoteSwiftPackageReference "RxSwift" */;
			productName = RxRelay;
		};
		F58DE9C32A3A103B00EAF83E /* RxSwift */ = {
			isa = XCSwiftPackageProductDependency;
			package = F58DE9BE2A3A103B00EAF83E /* XCRemoteSwiftPackageReference "RxSwift" */;
			productName = RxSwift;
		};
		F58DE9C62A3A110700EAF83E /* Differentiator */ = {
			isa = XCSwiftPackageProductDependency;
			package = F58DE9C52A3A110700EAF83E /* XCRemoteSwiftPackageReference "RxDataSources" */;
			productName = Differentiator;
		};
		F58DE9C82A3A110700EAF83E /* RxDataSources */ = {
			isa = XCSwiftPackageProductDependency;
			package = F58DE9C52A3A110700EAF83E /* XCRemoteSwiftPackageReference "RxDataSources" */;
			productName = RxDataSources;
		};
/* End XCSwiftPackageProductDependency section */
	};
	rootObject = F58DE98E2A3A05FF00EAF83E /* Project object */;
}
